// !$*UTF8*$!
{
	archiveVersion = 1;
	classes = {
	};
	objectVersion = 46;
	objects = {

/* Begin PBXBuildFile section */
		43FB04021E380C77002596DB /* AppDelegate.swift in Sources */ = {isa = PBXBuildFile; fileRef = 43FB04011E380C77002596DB /* AppDelegate.swift */; };
		43FB04041E380C77002596DB /* ViewController.swift in Sources */ = {isa = PBXBuildFile; fileRef = 43FB04031E380C77002596DB /* ViewController.swift */; };
		43FB04071E380C77002596DB /* Main.storyboard in Resources */ = {isa = PBXBuildFile; fileRef = 43FB04051E380C77002596DB /* Main.storyboard */; };
		43FB04091E380C77002596DB /* Assets.xcassets in Resources */ = {isa = PBXBuildFile; fileRef = 43FB04081E380C77002596DB /* Assets.xcassets */; };
		43FB040C1E380C77002596DB /* LaunchScreen.storyboard in Resources */ = {isa = PBXBuildFile; fileRef = 43FB040A1E380C77002596DB /* LaunchScreen.storyboard */; };
/* End PBXBuildFile section */

/* Begin PBXFileReference section */
		43FB03FE1E380C77002596DB /* Aula_007_TabelaXML.app */ = {isa = PBXFileReference; explicitFileType = wrapper.application; includeInIndex = 0; path = Aula_007_TabelaXML.app; sourceTree = BUILT_PRODUCTS_DIR; };
		43FB04011E380C77002596DB /* AppDelegate.swift */ = {isa = PBXFileReference; lastKnownFileType = sourcecode.swift; path = AppDelegate.swift; sourceTree = "<group>"; };
		43FB04031E380C77002596DB /* ViewController.swift */ = {isa = PBXFileReference; lastKnownFileType = sourcecode.swift; path = ViewController.swift; sourceTree = "<group>"; };
		43FB04061E380C77002596DB /* Base */ = {isa = PBXFileReference; lastKnownFileType = file.storyboard; name = Base; path = Base.lproj/Main.storyboard; sourceTree = "<group>"; };
		43FB04081E380C77002596DB /* Assets.xcassets */ = {isa = PBXFileReference; lastKnownFileType = folder.assetcatalog; path = Assets.xcassets; sourceTree = "<group>"; };
		43FB040B1E380C77002596DB /* Base */ = {isa = PBXFileReference; lastKnownFileType = file.storyboard; name = Base; path = Base.lproj/LaunchScreen.storyboard; sourceTree = "<group>"; };
		43FB040D1E380C77002596DB /* Info.plist */ = {isa = PBXFileReference; lastKnownFileType = text.plist.xml; path = Info.plist; sourceTree = "<group>"; };
/* End PBXFileReference section */

/* Begin PBXFrameworksBuildPhase section */
		43FB03FB1E380C77002596DB /* Frameworks */ = {
			isa = PBXFrameworksBuildPhase;
			buildActionMask = 2147483647;
			files = (
			);
			runOnlyForDeploymentPostprocessing = 0;
		};
/* End PBXFrameworksBuildPhase section */

/* Begin PBXGroup section */
		43FB03F51E380C77002596DB = {
			isa = PBXGroup;
			children = (
				43FB04001E380C77002596DB /* Aula_007_TabelaXML */,
				43FB03FF1E380C77002596DB /* Products */,
			);
			sourceTree = "<group>";
		};
		43FB03FF1E380C77002596DB /* Products */ = {
			isa = PBXGroup;
			children = (
				43FB03FE1E380C77002596DB /* Aula_007_TabelaXML.app */,
			);
			name = Products;
			sourceTree = "<group>";
		};
		43FB04001E380C77002596DB /* Aula_007_TabelaXML */ = {
			isa = PBXGroup;
			children = (
				43FB04011E380C77002596DB /* AppDelegate.swift */,
				43FB04031E380C77002596DB /* ViewController.swift */,
				43FB04051E380C77002596DB /* Main.storyboard */,
				43FB04081E380C77002596DB /* Assets.xcassets */,
				43FB040A1E380C77002596DB /* LaunchScreen.storyboard */,
				43FB040D1E380C77002596DB /* Info.plist */,
			);
			path = Aula_007_TabelaXML;
			sourceTree = "<group>";
		};
/* End PBXGroup section */

/* Begin PBXNativeTarget section */
		43FB03FD1E380C77002596DB /* Aula_007_TabelaXML */ = {
			isa = PBXNativeTarget;
			buildConfigurationList = 43FB04101E380C77002596DB /* Build configuration list for PBXNativeTarget "Aula_007_TabelaXML" */;
			buildPhases = (
				43FB03FA1E380C77002596DB /* Sources */,
				43FB03FB1E380C77002596DB /* Frameworks */,
				43FB03FC1E380C77002596DB /* Resources */,
			);
			buildRules = (
			);
			dependencies = (
			);
			name = Aula_007_TabelaXML;
			productName = Aula_007_TabelaXML;
			productReference = 43FB03FE1E380C77002596DB /* Aula_007_TabelaXML.app */;
			productType = "com.apple.product-type.application";
		};
/* End PBXNativeTarget section */

/* Begin PBXProject section */
		43FB03F61E380C77002596DB /* Project object */ = {
			isa = PBXProject;
			attributes = {
				LastSwiftUpdateCheck = 0800;
				LastUpgradeCheck = 0800;
				ORGANIZATIONNAME = Swift;
				TargetAttributes = {
					43FB03FD1E380C77002596DB = {
						CreatedOnToolsVersion = 8.0;
						DevelopmentTeam = 3XU35YZPYQ;
						ProvisioningStyle = Automatic;
					};
				};
			};
			buildConfigurationList = 43FB03F91E380C77002596DB /* Build configuration list for PBXProject "Aula_007_TabelaXML" */;
			compatibilityVersion = "Xcode 3.2";
			developmentRegion = English;
			hasScannedForEncodings = 0;
			knownRegions = (
				en,
				Base,
			);
			mainGroup = 43FB03F51E380C77002596DB;
			productRefGroup = 43FB03FF1E380C77002596DB /* Products */;
			projectDirPath = "";
			projectRoot = "";
			targets = (
				43FB03FD1E380C77002596DB /* Aula_007_TabelaXML */,
			);
		};
/* End PBXProject section */

/* Begin PBXResourcesBuildPhase section */
		43FB03FC1E380C77002596DB /* Resources */ = {
			isa = PBXResourcesBuildPhase;
			buildActionMask = 2147483647;
			files = (
				43FB040C1E380C77002596DB /* LaunchScreen.storyboard in Resources */,
				43FB04091E380C77002596DB /* Assets.xcassets in Resources */,
				43FB04071E380C77002596DB /* Main.storyboard in Resources */,
			);
			runOnlyForDeploymentPostprocessing = 0;
		};
/* End PBXResourcesBuildPhase section */

/* Begin PBXSourcesBuildPhase section */
		43FB03FA1E380C77002596DB /* Sources */ = {
			isa = PBXSourcesBuildPhase;
			buildActionMask = 2147483647;
			files = (
				43FB04041E380C77002596DB /* ViewController.swift in Sources */,
				43FB04021E380C77002596DB /* AppDelegate.swift in Sources */,
			);
			runOnlyForDeploymentPostprocessing = 0;
		};
/* End PBXSourcesBuildPhase section */

/* Begin PBXVariantGroup section */
		43FB04051E380C77002596DB /* Main.storyboard */ = {
			isa = PBXVariantGroup;
			children = (
				43FB04061E380C77002596DB /* Base */,
			);
			name = Main.storyboard;
			sourceTree = "<group>";
		};
		43FB040A1E380C77002596DB /* LaunchScreen.storyboard */ = {
			isa = PBXVariantGroup;
			children = (
				43FB040B1E380C77002596DB /* Base */,
			);
			name = LaunchScreen.storyboard;
			sourceTree = "<group>";
		};
/* End PBXVariantGroup section */

/* Begin XCBuildConfiguration section */
		43FB040E1E380C77002596DB /* Debug */ = {
			isa = XCBuildConfiguration;
			buildSettings = {
				ALWAYS_SEARCH_USER_PATHS = NO;
				CLANG_ANALYZER_NONNULL = YES;
				CLANG_CXX_LANGUAGE_STANDARD = "gnu++0x";
				CLANG_CXX_LIBRARY = "libc++";
				CLANG_ENABLE_MODULES = YES;
				CLANG_ENABLE_OBJC_ARC = YES;
				CLANG_WARN_BOOL_CONVERSION = YES;
				CLANG_WARN_CONSTANT_CONVERSION = YES;
				CLANG_WARN_DIRECT_OBJC_ISA_USAGE = YES_ERROR;
				CLANG_WARN_DOCUMENTATION_COMMENTS = YES;
				CLANG_WARN_EMPTY_BODY = YES;
				CLANG_WARN_ENUM_CONVERSION = YES;
				CLANG_WARN_INFINITE_RECURSION = YES;
				CLANG_WARN_INT_CONVERSION = YES;
				CLANG_WARN_OBJC_ROOT_CLASS = YES_ERROR;
				CLANG_WARN_SUSPICIOUS_MOVES = YES;
				CLANG_WARN_UNREACHABLE_CODE = YES;
				CLANG_WARN__DUPLICATE_METHOD_MATCH = YES;
				"CODE_SIGN_IDENTITY[sdk=iphoneos*]" = "iPhone Developer";
				COPY_PHASE_STRIP = NO;
				DEBUG_INFORMATION_FORMAT = dwarf;
				ENABLE_STRICT_OBJC_MSGSEND = YES;
				ENABLE_TESTABILITY = YES;
				GCC_C_LANGUAGE_STANDARD = gnu99;
				GCC_DYNAMIC_NO_PIC = NO;
				GCC_NO_COMMON_BLOCKS = YES;
				GCC_OPTIMIZATION_LEVEL = 0;
				GCC_PREPROCESSOR_DEFINITIONS = (
					"DEBUG=1",
					"$(inherited)",
				);
				GCC_WARN_64_TO_32_BIT_CONVERSION = YES;
				GCC_WARN_ABOUT_RETURN_TYPE = YES_ERROR;
				GCC_WARN_UNDECLARED_SELECTOR = YES;
				GCC_WARN_UNINITIALIZED_AUTOS = YES_AGGRESSIVE;
				GCC_WARN_UNUSED_FUNCTION = YES;
				GCC_WARN_UNUSED_VARIABLE = YES;
				IPHONEOS_DEPLOYMENT_TARGET = 10.0;
				MTL_ENABLE_DEBUG_INFO = YES;
				ONLY_ACTIVE_ARCH = YES;
				SDKROOT = iphoneos;
				SWIFT_ACTIVE_COMPILATION_CONDITIONS = DEBUG;
				SWIFT_OPTIMIZATION_LEVEL = "-Onone";
				TARGETED_DEVICE_FAMILY = "1,2";
			};
			name = Debug;
		};
		43FB040F1E380C77002596DB /* Release */ = {
			isa = XCBuildConfiguration;
			buildSettings = {
				ALWAYS_SEARCH_USER_PATHS = NO;
				CLANG_ANALYZER_NONNULL = YES;
				CLANG_CXX_LANGUAGE_STANDARD = "gnu++0x";
				CLANG_CXX_LIBRARY = "libc++";
				CLANG_ENABLE_MODULES = YES;
				CLANG_ENABLE_OBJC_ARC = YES;
				CLANG_WARN_BOOL_CONVERSION = YES;
				CLANG_WARN_CONSTANT_CONVERSION = YES;
				CLANG_WARN_DIRECT_OBJC_ISA_USAGE = YES_ERROR;
				CLANG_WARN_DOCUMENTATION_COMMENTS = YES;
				CLANG_WARN_EMPTY_BODY = YES;
				CLANG_WARN_ENUM_CONVERSION = YES;
				CLANG_WARN_INFINITE_RECURSION = YES;
				CLANG_WARN_INT_CONVERSION = YES;
				CLANG_WARN_OBJC_ROOT_CLASS = YES_ERROR;
				CLANG_WARN_SUSPICIOUS_MOVES = YES;
				CLANG_WARN_UNREACHABLE_CODE = YES;
				CLANG_WARN__DUPLICATE_METHOD_MATCH = YES;
				"CODE_SIGN_IDENTITY[sdk=iphoneos*]" = "iPhone Developer";
				COPY_PHASE_STRIP = NO;
				DEBUG_INFORMATION_FORMAT = "dwarf-with-dsym";
				ENABLE_NS_ASSERTIONS = NO;
				ENABLE_STRICT_OBJC_MSGSEND = YES;
				GCC_C_LANGUAGE_STANDARD = gnu99;
				GCC_NO_COMMON_BLOCKS = YES;
				GCC_WARN_64_TO_32_BIT_CONVERSION = YES;
				GCC_WARN_ABOUT_RETURN_TYPE = YES_ERROR;
				GCC_WARN_UNDECLARED_SELECTOR = YES;
				GCC_WARN_UNINITIALIZED_AUTOS = YES_AGGRESSIVE;
				GCC_WARN_UNUSED_FUNCTION = YES;
				GCC_WARN_UNUSED_VARIABLE = YES;
				IPHONEOS_DEPLOYMENT_TARGET = 10.0;
				MTL_ENABLE_DEBUG_INFO = NO;
				SDKROOT = iphoneos;
				SWIFT_OPTIMIZATION_LEVEL = "-Owholemodule";
				TARGETED_DEVICE_FAMILY = "1,2";
				VALIDATE_PRODUCT = YES;
			};
			name = Release;
		};
		43FB04111E380C77002596DB /* Debug */ = {
			isa = XCBuildConfiguration;
			buildSettings = {
				ASSETCATALOG_COMPILER_APPICON_NAME = AppIcon;
				DEVELOPMENT_TEAM = 3XU35YZPYQ;
				INFOPLIST_FILE = Aula_007_TabelaXML/Info.plist;
				LD_RUNPATH_SEARCH_PATHS = "$(inherited) @executable_path/Frameworks";
				PRODUCT_BUNDLE_IDENTIFIER = "br.quaddro.com.Aula-007-TabelaXML";
				PRODUCT_NAME = "$(TARGET_NAME)";
				SWIFT_VERSION = 3.0;
			};
			name = Debug;
		};
		43FB04121E380C77002596DB /* Release */ = {
			isa = XCBuildConfiguration;
			buildSettings = {
				ASSETCATALOG_COMPILER_APPICON_NAME = AppIcon;
				DEVELOPMENT_TEAM = 3XU35YZPYQ;
				INFOPLIST_FILE = Aula_007_TabelaXML/Info.plist;
				LD_RUNPATH_SEARCH_PATHS = "$(inherited) @executable_path/Frameworks";
				PRODUCT_BUNDLE_IDENTIFIER = "br.quaddro.com.Aula-007-TabelaXML";
				PRODUCT_NAME = "$(TARGET_NAME)";
				SWIFT_VERSION = 3.0;
			};
			name = Release;
		};
/* End XCBuildConfiguration section */

/* Begin XCConfigurationList section */
		43FB03F91E380C77002596DB /* Build configuration list for PBXProject "Aula_007_TabelaXML" */ = {
			isa = XCConfigurationList;
			buildConfigurations = (
				43FB040E1E380C77002596DB /* Debug */,
				43FB040F1E380C77002596DB /* Release */,
			);
			defaultConfigurationIsVisible = 0;
			defaultConfigurationName = Release;
		};
		43FB04101E380C77002596DB /* Build configuration list for PBXNativeTarget "Aula_007_TabelaXML" */ = {
			isa = XCConfigurationList;
			buildConfigurations = (
				43FB04111E380C77002596DB /* Debug */,
				43FB04121E380C77002596DB /* Release */,
			);
			defaultConfigurationIsVisible = 0;
		};
/* End XCConfigurationList section */
	};
	rootObject = 43FB03F61E380C77002596DB /* Project object */;
}
